
Microsoft Visual Studio Solution File, Format Version 12.00
# Visual Studio Version 17
VisualStudioVersion = 17.11.35327.3
MinimumVisualStudioVersion = 10.0.40219.1
Project("{9A19103F-16F7-4668-BE54-9A1E7A4F7556}") = "AuctionServices", "AuctionServices\AuctionServices.csproj", "{6A3860AE-8831-4E41-81C5-8418393BD1A7}"
EndProject
Project("{E53339B2-1760-4266-BCC7-CA923CBCF16C}") = "docker-compose", "docker-compose.dcproj", "{0A56975D-9911-4717-9354-B266AB04F098}"
EndProject
Project("{FAE04EC0-301F-11D3-BF4B-00C04F79EFBC}") = "SearchService", "SearchService\SearchService.csproj", "{ACF43A21-B3D9-4213-9BAE-BE8DCE3E91FF}"
EndProject
Project("{FAE04EC0-301F-11D3-BF4B-00C04F79EFBC}") = "Contracts", "Contracts\Contracts.csproj", "{5B99F426-38E0-4A26-B6C9-3D981CC0199B}"
EndProject
Global
	GlobalSection(SolutionConfigurationPlatforms) = preSolution
		Debug|Any CPU = Debug|Any CPU
		Release|Any CPU = Release|Any CPU
	EndGlobalSection
	GlobalSection(ProjectConfigurationPlatforms) = postSolution
		{6A3860AE-8831-4E41-81C5-8418393BD1A7}.Debug|Any CPU.ActiveCfg = Debug|Any CPU
		{6A3860AE-8831-4E41-81C5-8418393BD1A7}.Debug|Any CPU.Build.0 = Debug|Any CPU
		{6A3860AE-8831-4E41-81C5-8418393BD1A7}.Release|Any CPU.ActiveCfg = Release|Any CPU
		{6A3860AE-8831-4E41-81C5-8418393BD1A7}.Release|Any CPU.Build.0 = Release|Any CPU
		{0A56975D-9911-4717-9354-B266AB04F098}.Debug|Any CPU.ActiveCfg = Debug|Any CPU
		{0A56975D-9911-4717-9354-B266AB04F098}.Debug|Any CPU.Build.0 = Debug|Any CPU
		{0A56975D-9911-4717-9354-B266AB04F098}.Release|Any CPU.ActiveCfg = Release|Any CPU
		{0A56975D-9911-4717-9354-B266AB04F098}.Release|Any CPU.Build.0 = Release|Any CPU
		{ACF43A21-B3D9-4213-9BAE-BE8DCE3E91FF}.Debug|Any CPU.ActiveCfg = Debug|Any CPU
		{ACF43A21-B3D9-4213-9BAE-BE8DCE3E91FF}.Debug|Any CPU.Build.0 = Debug|Any CPU
		{ACF43A21-B3D9-4213-9BAE-BE8DCE3E91FF}.Release|Any CPU.ActiveCfg = Release|Any CPU
		{ACF43A21-B3D9-4213-9BAE-BE8DCE3E91FF}.Release|Any CPU.Build.0 = Release|Any CPU
		{5B99F426-38E0-4A26-B6C9-3D981CC0199B}.Debug|Any CPU.ActiveCfg = Debug|Any CPU
		{5B99F426-38E0-4A26-B6C9-3D981CC0199B}.Debug|Any CPU.Build.0 = Debug|Any CPU
		{5B99F426-38E0-4A26-B6C9-3D981CC0199B}.Release|Any CPU.ActiveCfg = Release|Any CPU
		{5B99F426-38E0-4A26-B6C9-3D981CC0199B}.Release|Any CPU.Build.0 = Release|Any CPU
	EndGlobalSection
	GlobalSection(SolutionProperties) = preSolution
		HideSolutionNode = FALSE
	EndGlobalSection
	GlobalSection(ExtensibilityGlobals) = postSolution
		SolutionGuid = {6936609A-59ED-498A-84A4-0FB101AEE160}
	EndGlobalSection
EndGlobal
